{
  "name": "mi-primer-proyecto",
  "version": "1.0.0",
  "lockfileVersion": 3,
  "requires": true,
  "packages": {
    "": {
      "name": "mi-primer-proyecto",
      "version": "1.0.0",
      "license": "ISC",
      "dependencies": {
        "mi-primer-proyecto": "file:"
      }
    },
    "node_modules/mi-primer-proyecto": {
      "resolved": "",
      "link": true
    }
  }
}
